// !$*UTF8*$!
{
	archiveVersion = 1;
	classes = {
	};
	objectVersion = 77;
	objects = {

/* Begin PBXBuildFile section */
		4EE6A12CA3DA321B7E33D4FD /* PlayerSource.swift in Sources */ = {isa = PBXBuildFile; fileRef = CD9F0272E591BBDD853E1DE4 /* PlayerSource.swift */; };
		ABEA48DB5F9AB50F1DADF5D7 /* PlayerWebView.swift in Sources */ = {isa = PBXBuildFile; fileRef = EC9991A0C6ABEE886E302B37 /* PlayerWebView.swift */; };
		D73AB5C51D7FFE9AB7BA85CA /* Assets.xcassets in Resources */ = {isa = PBXBuildFile; fileRef = 9F8EAC15CC17E46F92887C4A /* Assets.xcassets */; };
		E6162BAC095E7941867DBA15 /* ParticlePlayerApp.swift in Sources */ = {isa = PBXBuildFile; fileRef = 79BD7F32AFF76048A1598F9F /* ParticlePlayerApp.swift */; };
		FF6B62996F8521DD8292DE85 /* PlayerScreen.swift in Sources */ = {isa = PBXBuildFile; fileRef = CCB348DCF7CDCF0E5B32B3F9 /* PlayerScreen.swift */; };
/* End PBXBuildFile section */

/* Begin PBXFileReference section */
		79BD7F32AFF76048A1598F9F /* ParticlePlayerApp.swift */ = {isa = PBXFileReference; lastKnownFileType = sourcecode.swift; path = ParticlePlayerApp.swift; sourceTree = "<group>"; };
		8B552645BD337AD346B1CC20 /* Info.plist */ = {isa = PBXFileReference; lastKnownFileType = text.plist; path = Info.plist; sourceTree = "<group>"; };
		9F8EAC15CC17E46F92887C4A /* Assets.xcassets */ = {isa = PBXFileReference; lastKnownFileType = folder.assetcatalog; path = Assets.xcassets; sourceTree = "<group>"; };
		BE98C482077F947B7CB1AEC8 /* ParticlePlayer.app */ = {isa = PBXFileReference; includeInIndex = 0; lastKnownFileType = wrapper.application; path = ParticlePlayer.app; sourceTree = BUILT_PRODUCTS_DIR; };
		CCB348DCF7CDCF0E5B32B3F9 /* PlayerScreen.swift */ = {isa = PBXFileReference; lastKnownFileType = sourcecode.swift; path = PlayerScreen.swift; sourceTree = "<group>"; };
		CD9F0272E591BBDD853E1DE4 /* PlayerSource.swift */ = {isa = PBXFileReference; lastKnownFileType = sourcecode.swift; path = PlayerSource.swift; sourceTree = "<group>"; };
		EC9991A0C6ABEE886E302B37 /* PlayerWebView.swift */ = {isa = PBXFileReference; lastKnownFileType = sourcecode.swift; path = PlayerWebView.swift; sourceTree = "<group>"; };
/* End PBXFileReference section */

/* Begin PBXGroup section */
		6AF26CDE929B0023891FBC77 = {
			isa = PBXGroup;
			children = (
				96A1CDACE9C92A8A07D7D74F /* ParticlePlayer */,
				8E5D482E5014AC8C613A1929 /* Products */,
			);
			sourceTree = "<group>";
		};
		8E5D482E5014AC8C613A1929 /* Products */ = {
			isa = PBXGroup;
			children = (
				BE98C482077F947B7CB1AEC8 /* ParticlePlayer.app */,
			);
			name = Products;
			sourceTree = "<group>";
		};
		96A1CDACE9C92A8A07D7D74F /* ParticlePlayer */ = {
			isa = PBXGroup;
			children = (
				9F8EAC15CC17E46F92887C4A /* Assets.xcassets */,
				8B552645BD337AD346B1CC20 /* Info.plist */,
				79BD7F32AFF76048A1598F9F /* ParticlePlayerApp.swift */,
				CCB348DCF7CDCF0E5B32B3F9 /* PlayerScreen.swift */,
				CD9F0272E591BBDD853E1DE4 /* PlayerSource.swift */,
				EC9991A0C6ABEE886E302B37 /* PlayerWebView.swift */,
			);
			path = ParticlePlayer;
			sourceTree = "<group>";
		};
/* End PBXGroup section */

/* Begin PBXNativeTarget section */
		4143B136949EC2BC3253B865 /* ParticlePlayer */ = {
			isa = PBXNativeTarget;
			buildConfigurationList = DC732B8A9125043CA985754F /* Build configuration list for PBXNativeTarget "ParticlePlayer" */;
			buildPhases = (
				963358829142037C4B667BE2 /* Sources */,
				5528B3AFD78D135DAD1D057E /* Resources */,
			);
			buildRules = (
			);
			dependencies = (
			);
			name = ParticlePlayer;
			packageProductDependencies = (
			);
			productName = ParticlePlayer;
			productReference = BE98C482077F947B7CB1AEC8 /* ParticlePlayer.app */;
			productType = "com.apple.product-type.application";
		};
/* End PBXNativeTarget section */

/* Begin PBXProject section */
		7D420E75D9E72D687CF5AD6D /* Project object */ = {
			isa = PBXProject;
			attributes = {
				BuildIndependentTargetsInParallel = YES;
				LastUpgradeCheck = 1430;
				TargetAttributes = {
					4143B136949EC2BC3253B865 = {
						ProvisioningStyle = Automatic;
					};
				};
			};
			buildConfigurationList = 7863E3EC386F12374E94C9AE /* Build configuration list for PBXProject "ParticlePlayer" */;
			developmentRegion = en;
			hasScannedForEncodings = 0;
			knownRegions = (
				Base,
				en,
			);
			mainGroup = 6AF26CDE929B0023891FBC77;
			minimizedProjectReferenceProxies = 1;
			preferredProjectObjectVersion = 77;
			productRefGroup = 8E5D482E5014AC8C613A1929 /* Products */;
			projectDirPath = "";
			projectRoot = "";
			targets = (
				4143B136949EC2BC3253B865 /* ParticlePlayer */,
			);
		};
/* End PBXProject section */

/* Begin PBXResourcesBuildPhase section */
		5528B3AFD78D135DAD1D057E /* Resources */ = {
			isa = PBXResourcesBuildPhase;
			buildActionMask = 2147483647;
			files = (
				D73AB5C51D7FFE9AB7BA85CA /* Assets.xcassets in Resources */,
			);
			runOnlyForDeploymentPostprocessing = 0;
		};
/* End PBXResourcesBuildPhase section */

/* Begin PBXSourcesBuildPhase section */
		963358829142037C4B667BE2 /* Sources */ = {
			isa = PBXSourcesBuildPhase;
			buildActionMask = 2147483647;
			files = (
				E6162BAC095E7941867DBA15 /* ParticlePlayerApp.swift in Sources */,
				FF6B62996F8521DD8292DE85 /* PlayerScreen.swift in Sources */,
				4EE6A12CA3DA321B7E33D4FD /* PlayerSource.swift in Sources */,
				ABEA48DB5F9AB50F1DADF5D7 /* PlayerWebView.swift in Sources */,
			);
			runOnlyForDeploymentPostprocessing = 0;
		};
/* End PBXSourcesBuildPhase section */

/* Begin XCBuildConfiguration section */
		515D79B4148C063AF19F87CF /* Debug */ = {
			isa = XCBuildConfiguration;
			buildSettings = {
				ALWAYS_SEARCH_USER_PATHS = NO;
				CLANG_ANALYZER_NONNULL = YES;
				CLANG_ANALYZER_NUMBER_OBJECT_CONVERSION = YES_AGGRESSIVE;
				CLANG_CXX_LANGUAGE_STANDARD = "gnu++14";
				CLANG_CXX_LIBRARY = "libc++";
				CLANG_ENABLE_MODULES = YES;
				CLANG_ENABLE_OBJC_ARC = YES;
				CLANG_ENABLE_OBJC_WEAK = YES;
				CLANG_WARN_BLOCK_CAPTURE_AUTORELEASING = YES;
				CLANG_WARN_BOOL_CONVERSION = YES;
				CLANG_WARN_COMMA = YES;
				CLANG_WARN_CONSTANT_CONVERSION = YES;
				CLANG_WARN_DEPRECATED_OBJC_IMPLEMENTATIONS = YES;
				CLANG_WARN_DIRECT_OBJC_ISA_USAGE = YES_ERROR;
				CLANG_WARN_DOCUMENTATION_COMMENTS = YES;
				CLANG_WARN_EMPTY_BODY = YES;
				CLANG_WARN_ENUM_CONVERSION = YES;
				CLANG_WARN_INFINITE_RECURSION = YES;
				CLANG_WARN_INT_CONVERSION = YES;
				CLANG_WARN_NON_LITERAL_NULL_CONVERSION = YES;
				CLANG_WARN_OBJC_IMPLICIT_RETAIN_SELF = YES;
				CLANG_WARN_OBJC_LITERAL_CONVERSION = YES;
				CLANG_WARN_OBJC_ROOT_CLASS = YES_ERROR;
				CLANG_WARN_QUOTED_INCLUDE_IN_FRAMEWORK_HEADER = YES;
				CLANG_WARN_RANGE_LOOP_ANALYSIS = YES;
				CLANG_WARN_STRICT_PROTOTYPES = YES;
				CLANG_WARN_SUSPICIOUS_MOVE = YES;
				CLANG_WARN_UNGUARDED_AVAILABILITY = YES_AGGRESSIVE;
				CLANG_WARN_UNREACHABLE_CODE = YES;
				CLANG_WARN__DUPLICATE_METHOD_MATCH = YES;
				CODE_SIGN_STYLE = Automatic;
				COPY_PHASE_STRIP = NO;
				CURRENT_PROJECT_VERSION = 1;
				DEBUG_INFORMATION_FORMAT = dwarf;
				ENABLE_STRICT_OBJC_MSGSEND = YES;
				ENABLE_TESTABILITY = YES;
				ENABLE_USER_SCRIPT_SANDBOXING = YES;
				GCC_C_LANGUAGE_STANDARD = gnu11;
				GCC_DYNAMIC_NO_PIC = NO;
				GCC_NO_COMMON_BLOCKS = YES;
				GCC_OPTIMIZATION_LEVEL = 0;
				GCC_PREPROCESSOR_DEFINITIONS = (
					"$(inherited)",
					"DEBUG=1",
				);
				GCC_WARN_64_TO_32_BIT_CONVERSION = YES;
				GCC_WARN_ABOUT_RETURN_TYPE = YES_ERROR;
				GCC_WARN_UNDECLARED_SELECTOR = YES;
				GCC_WARN_UNINITIALIZED_AUTOS = YES_AGGRESSIVE;
				GCC_WARN_UNUSED_FUNCTION = YES;
				GCC_WARN_UNUSED_VARIABLE = YES;
				IPHONEOS_DEPLOYMENT_TARGET = 26.0;
				MARKETING_VERSION = 0.1.0;
				MTL_ENABLE_DEBUG_INFO = INCLUDE_SOURCE;
				MTL_FAST_MATH = YES;
				ONLY_ACTIVE_ARCH = YES;
				PRODUCT_NAME = "$(TARGET_NAME)";
				SDKROOT = iphoneos;
				SWIFT_ACTIVE_COMPILATION_CONDITIONS = DEBUG;
				SWIFT_OPTIMIZATION_LEVEL = "-Onone";
				SWIFT_STRICT_CONCURRENCY = minimal;
				SWIFT_VERSION = 5.0;
				TARGETED_DEVICE_FAMILY = "1,2";
			};
			name = Debug;
		};
		726E8AFF7EBEB6E2005AF782 /* Debug */ = {
			isa = XCBuildConfiguration;
			buildSettings = {
				ASSETCATALOG_COMPILER_APPICON_NAME = AppIcon;
				ASSETCATALOG_COMPILER_GLOBAL_ACCENT_COLOR_NAME = "";
				CODE_SIGN_IDENTITY = "iPhone Developer";
				GENERATE_INFOPLIST_FILE = NO;
				INFOPLIST_FILE = ParticlePlayer/Info.plist;
				LD_RUNPATH_SEARCH_PATHS = (
					"$(inherited)",
					"@executable_path/Frameworks",
				);
				PRODUCT_BUNDLE_IDENTIFIER = studio.caoyuxi.particleplayer;
				PRODUCT_NAME = "Particle Player";
				SDKROOT = iphoneos;
				SUPPORTS_MACCATALYST = NO;
				TARGETED_DEVICE_FAMILY = "1,2";
			};
			name = Debug;
		};
		A3FDE9A304F793B28E5B8D3E /* Release */ = {
			isa = XCBuildConfiguration;
			buildSettings = {
				ASSETCATALOG_COMPILER_APPICON_NAME = AppIcon;
				ASSETCATALOG_COMPILER_GLOBAL_ACCENT_COLOR_NAME = "";
				CODE_SIGN_IDENTITY = "iPhone Developer";
				GENERATE_INFOPLIST_FILE = NO;
				INFOPLIST_FILE = ParticlePlayer/Info.plist;
				LD_RUNPATH_SEARCH_PATHS = (
					"$(inherited)",
					"@executable_path/Frameworks",
				);
				PRODUCT_BUNDLE_IDENTIFIER = studio.caoyuxi.particleplayer;
				PRODUCT_NAME = "Particle Player";
				SDKROOT = iphoneos;
				SUPPORTS_MACCATALYST = NO;
				TARGETED_DEVICE_FAMILY = "1,2";
			};
			name = Release;
		};
		E9EDECDE6B366713A1079B63 /* Release */ = {
			isa = XCBuildConfiguration;
			buildSettings = {
				ALWAYS_SEARCH_USER_PATHS = NO;
				CLANG_ANALYZER_NONNULL = YES;
				CLANG_ANALYZER_NUMBER_OBJECT_CONVERSION = YES_AGGRESSIVE;
				CLANG_CXX_LANGUAGE_STANDARD = "gnu++14";
				CLANG_CXX_LIBRARY = "libc++";
				CLANG_ENABLE_MODULES = YES;
				CLANG_ENABLE_OBJC_ARC = YES;
				CLANG_ENABLE_OBJC_WEAK = YES;
				CLANG_WARN_BLOCK_CAPTURE_AUTORELEASING = YES;
				CLANG_WARN_BOOL_CONVERSION = YES;
				CLANG_WARN_COMMA = YES;
				CLANG_WARN_CONSTANT_CONVERSION = YES;
				CLANG_WARN_DEPRECATED_OBJC_IMPLEMENTATIONS = YES;
				CLANG_WARN_DIRECT_OBJC_ISA_USAGE = YES_ERROR;
				CLANG_WARN_DOCUMENTATION_COMMENTS = YES;
				CLANG_WARN_EMPTY_BODY = YES;
				CLANG_WARN_ENUM_CONVERSION = YES;
				CLANG_WARN_INFINITE_RECURSION = YES;
				CLANG_WARN_INT_CONVERSION = YES;
				CLANG_WARN_NON_LITERAL_NULL_CONVERSION = YES;
				CLANG_WARN_OBJC_IMPLICIT_RETAIN_SELF = YES;
				CLANG_WARN_OBJC_LITERAL_CONVERSION = YES;
				CLANG_WARN_OBJC_ROOT_CLASS = YES_ERROR;
				CLANG_WARN_QUOTED_INCLUDE_IN_FRAMEWORK_HEADER = YES;
				CLANG_WARN_RANGE_LOOP_ANALYSIS = YES;
				CLANG_WARN_STRICT_PROTOTYPES = YES;
				CLANG_WARN_SUSPICIOUS_MOVE = YES;
				CLANG_WARN_UNGUARDED_AVAILABILITY = YES_AGGRESSIVE;
				CLANG_WARN_UNREACHABLE_CODE = YES;
				CLANG_WARN__DUPLICATE_METHOD_MATCH = YES;
				CODE_SIGN_STYLE = Automatic;
				COPY_PHASE_STRIP = NO;
				CURRENT_PROJECT_VERSION = 1;
				DEBUG_INFORMATION_FORMAT = "dwarf-with-dsym";
				ENABLE_NS_ASSERTIONS = NO;
				ENABLE_STRICT_OBJC_MSGSEND = YES;
				ENABLE_USER_SCRIPT_SANDBOXING = YES;
				GCC_C_LANGUAGE_STANDARD = gnu11;
				GCC_NO_COMMON_BLOCKS = YES;
				GCC_WARN_64_TO_32_BIT_CONVERSION = YES;
				GCC_WARN_ABOUT_RETURN_TYPE = YES_ERROR;
				GCC_WARN_UNDECLARED_SELECTOR = YES;
				GCC_WARN_UNINITIALIZED_AUTOS = YES_AGGRESSIVE;
				GCC_WARN_UNUSED_FUNCTION = YES;
				GCC_WARN_UNUSED_VARIABLE = YES;
				IPHONEOS_DEPLOYMENT_TARGET = 26.0;
				MARKETING_VERSION = 0.1.0;
				MTL_ENABLE_DEBUG_INFO = NO;
				MTL_FAST_MATH = YES;
				PRODUCT_NAME = "$(TARGET_NAME)";
				SDKROOT = iphoneos;
				SWIFT_COMPILATION_MODE = wholemodule;
				SWIFT_OPTIMIZATION_LEVEL = "-O";
				SWIFT_STRICT_CONCURRENCY = minimal;
				SWIFT_VERSION = 5.0;
				TARGETED_DEVICE_FAMILY = "1,2";
			};
			name = Release;
		};
/* End XCBuildConfiguration section */

/* Begin XCConfigurationList section */
		7863E3EC386F12374E94C9AE /* Build configuration list for PBXProject "ParticlePlayer" */ = {
			isa = XCConfigurationList;
			buildConfigurations = (
				515D79B4148C063AF19F87CF /* Debug */,
				E9EDECDE6B366713A1079B63 /* Release */,
			);
			defaultConfigurationIsVisible = 0;
			defaultConfigurationName = Debug;
		};
		DC732B8A9125043CA985754F /* Build configuration list for PBXNativeTarget "ParticlePlayer" */ = {
			isa = XCConfigurationList;
			buildConfigurations = (
				726E8AFF7EBEB6E2005AF782 /* Debug */,
				A3FDE9A304F793B28E5B8D3E /* Release */,
			);
			defaultConfigurationIsVisible = 0;
			defaultConfigurationName = Debug;
		};
/* End XCConfigurationList section */
	};
	rootObject = 7D420E75D9E72D687CF5AD6D /* Project object */;
}
